// !$*UTF8*$!
{
	archiveVersion = 1;
	classes = {
	};
	objectVersion = 50;
	objects = {

/* Begin PBXBuildFile section */
		E3C9CCC42144AA840010A506 /* AppDelegate.swift in Sources */ = {isa = PBXBuildFile; fileRef = E3C9CCC32144AA840010A506 /* AppDelegate.swift */; };
		E3C9CCC92144AA840010A506 /* Main.storyboard in Resources */ = {isa = PBXBuildFile; fileRef = E3C9CCC72144AA840010A506 /* Main.storyboard */; };
		E3C9CCCC2144AA840010A506 /* ToDo_list.xcdatamodeld in Sources */ = {isa = PBXBuildFile; fileRef = E3C9CCCA2144AA840010A506 /* ToDo_list.xcdatamodeld */; };
		E3C9CCCE2144AA840010A506 /* Assets.xcassets in Resources */ = {isa = PBXBuildFile; fileRef = E3C9CCCD2144AA840010A506 /* Assets.xcassets */; };
		E3C9CCD12144AA840010A506 /* LaunchScreen.storyboard in Resources */ = {isa = PBXBuildFile; fileRef = E3C9CCCF2144AA840010A506 /* LaunchScreen.storyboard */; };
		E3C9CCDC2144AA850010A506 /* ToDo_listTests.swift in Sources */ = {isa = PBXBuildFile; fileRef = E3C9CCDB2144AA850010A506 /* ToDo_listTests.swift */; };
		E3C9CCE72144AA850010A506 /* ToDo_listUITests.swift in Sources */ = {isa = PBXBuildFile; fileRef = E3C9CCE62144AA850010A506 /* ToDo_listUITests.swift */; };
		E3C9CCF52144AE110010A506 /* TodoTableVC.swift in Sources */ = {isa = PBXBuildFile; fileRef = E3C9CCF42144AE110010A506 /* TodoTableVC.swift */; };
		E3C9CCF72144B24D0010A506 /* TodoCell.swift in Sources */ = {isa = PBXBuildFile; fileRef = E3C9CCF62144B24D0010A506 /* TodoCell.swift */; };
/* End PBXBuildFile section */

/* Begin PBXContainerItemProxy section */
		E3C9CCD82144AA850010A506 /* PBXContainerItemProxy */ = {
			isa = PBXContainerItemProxy;
			containerPortal = E3C9CCB82144AA840010A506 /* Project object */;
			proxyType = 1;
			remoteGlobalIDString = E3C9CCBF2144AA840010A506;
			remoteInfo = ToDo_list;
		};
		E3C9CCE32144AA850010A506 /* PBXContainerItemProxy */ = {
			isa = PBXContainerItemProxy;
			containerPortal = E3C9CCB82144AA840010A506 /* Project object */;
			proxyType = 1;
			remoteGlobalIDString = E3C9CCBF2144AA840010A506;
			remoteInfo = ToDo_list;
		};
/* End PBXContainerItemProxy section */

/* Begin PBXFileReference section */
		E3C9CCC02144AA840010A506 /* ToDo_list.app */ = {isa = PBXFileReference; explicitFileType = wrapper.application; includeInIndex = 0; path = ToDo_list.app; sourceTree = BUILT_PRODUCTS_DIR; };
		E3C9CCC32144AA840010A506 /* AppDelegate.swift */ = {isa = PBXFileReference; lastKnownFileType = sourcecode.swift; path = AppDelegate.swift; sourceTree = "<group>"; };
		E3C9CCC82144AA840010A506 /* Base */ = {isa = PBXFileReference; lastKnownFileType = file.storyboard; name = Base; path = Base.lproj/Main.storyboard; sourceTree = "<group>"; };
		E3C9CCCB2144AA840010A506 /* ToDo_list.xcdatamodel */ = {isa = PBXFileReference; lastKnownFileType = wrapper.xcdatamodel; path = ToDo_list.xcdatamodel; sourceTree = "<group>"; };
		E3C9CCCD2144AA840010A506 /* Assets.xcassets */ = {isa = PBXFileReference; lastKnownFileType = folder.assetcatalog; path = Assets.xcassets; sourceTree = "<group>"; };
		E3C9CCD02144AA840010A506 /* Base */ = {isa = PBXFileReference; lastKnownFileType = file.storyboard; name = Base; path = Base.lproj/LaunchScreen.storyboard; sourceTree = "<group>"; };
		E3C9CCD22144AA840010A506 /* Info.plist */ = {isa = PBXFileReference; lastKnownFileType = text.plist.xml; path = Info.plist; sourceTree = "<group>"; };
		E3C9CCD72144AA850010A506 /* ToDo_listTests.xctest */ = {isa = PBXFileReference; explicitFileType = wrapper.cfbundle; includeInIndex = 0; path = ToDo_listTests.xctest; sourceTree = BUILT_PRODUCTS_DIR; };
		E3C9CCDB2144AA850010A506 /* ToDo_listTests.swift */ = {isa = PBXFileReference; lastKnownFileType = sourcecode.swift; path = ToDo_listTests.swift; sourceTree = "<group>"; };
		E3C9CCDD2144AA850010A506 /* Info.plist */ = {isa = PBXFileReference; lastKnownFileType = text.plist.xml; path = Info.plist; sourceTree = "<group>"; };
		E3C9CCE22144AA850010A506 /* ToDo_listUITests.xctest */ = {isa = PBXFileReference; explicitFileType = wrapper.cfbundle; includeInIndex = 0; path = ToDo_listUITests.xctest; sourceTree = BUILT_PRODUCTS_DIR; };
		E3C9CCE62144AA850010A506 /* ToDo_listUITests.swift */ = {isa = PBXFileReference; lastKnownFileType = sourcecode.swift; path = ToDo_listUITests.swift; sourceTree = "<group>"; };
		E3C9CCE82144AA850010A506 /* Info.plist */ = {isa = PBXFileReference; lastKnownFileType = text.plist.xml; path = Info.plist; sourceTree = "<group>"; };
		E3C9CCF42144AE110010A506 /* TodoTableVC.swift */ = {isa = PBXFileReference; lastKnownFileType = sourcecode.swift; path = TodoTableVC.swift; sourceTree = "<group>"; };
		E3C9CCF62144B24D0010A506 /* TodoCell.swift */ = {isa = PBXFileReference; lastKnownFileType = sourcecode.swift; path = TodoCell.swift; sourceTree = "<group>"; };
/* End PBXFileReference section */

/* Begin PBXFrameworksBuildPhase section */
		E3C9CCBD2144AA840010A506 /* Frameworks */ = {
			isa = PBXFrameworksBuildPhase;
			buildActionMask = 2147483647;
			files = (
			);
			runOnlyForDeploymentPostprocessing = 0;
		};
		E3C9CCD42144AA850010A506 /* Frameworks */ = {
			isa = PBXFrameworksBuildPhase;
			buildActionMask = 2147483647;
			files = (
			);
			runOnlyForDeploymentPostprocessing = 0;
		};
		E3C9CCDF2144AA850010A506 /* Frameworks */ = {
			isa = PBXFrameworksBuildPhase;
			buildActionMask = 2147483647;
			files = (
			);
			runOnlyForDeploymentPostprocessing = 0;
		};
/* End PBXFrameworksBuildPhase section */

/* Begin PBXGroup section */
		E3C9CCB72144AA840010A506 = {
			isa = PBXGroup;
			children = (
				E3C9CCC22144AA840010A506 /* ToDo_list */,
				E3C9CCDA2144AA850010A506 /* ToDo_listTests */,
				E3C9CCE52144AA850010A506 /* ToDo_listUITests */,
				E3C9CCC12144AA840010A506 /* Products */,
			);
			sourceTree = "<group>";
		};
		E3C9CCC12144AA840010A506 /* Products */ = {
			isa = PBXGroup;
			children = (
				E3C9CCC02144AA840010A506 /* ToDo_list.app */,
				E3C9CCD72144AA850010A506 /* ToDo_listTests.xctest */,
				E3C9CCE22144AA850010A506 /* ToDo_listUITests.xctest */,
			);
			name = Products;
			sourceTree = "<group>";
		};
		E3C9CCC22144AA840010A506 /* ToDo_list */ = {
			isa = PBXGroup;
			children = (
				E3C9CCF62144B24D0010A506 /* TodoCell.swift */,
				E3C9CCC32144AA840010A506 /* AppDelegate.swift */,
				E3C9CCF42144AE110010A506 /* TodoTableVC.swift */,
				E3C9CCC72144AA840010A506 /* Main.storyboard */,
				E3C9CCCD2144AA840010A506 /* Assets.xcassets */,
				E3C9CCCF2144AA840010A506 /* LaunchScreen.storyboard */,
				E3C9CCD22144AA840010A506 /* Info.plist */,
				E3C9CCCA2144AA840010A506 /* ToDo_list.xcdatamodeld */,
			);
			path = ToDo_list;
			sourceTree = "<group>";
		};
		E3C9CCDA2144AA850010A506 /* ToDo_listTests */ = {
			isa = PBXGroup;
			children = (
				E3C9CCDB2144AA850010A506 /* ToDo_listTests.swift */,
				E3C9CCDD2144AA850010A506 /* Info.plist */,
			);
			path = ToDo_listTests;
			sourceTree = "<group>";
		};
		E3C9CCE52144AA850010A506 /* ToDo_listUITests */ = {
			isa = PBXGroup;
			children = (
				E3C9CCE62144AA850010A506 /* ToDo_listUITests.swift */,
				E3C9CCE82144AA850010A506 /* Info.plist */,
			);
			path = ToDo_listUITests;
			sourceTree = "<group>";
		};
/* End PBXGroup section */

/* Begin PBXNativeTarget section */
		E3C9CCBF2144AA840010A506 /* ToDo_list */ = {
			isa = PBXNativeTarget;
			buildConfigurationList = E3C9CCEB2144AA850010A506 /* Build configuration list for PBXNativeTarget "ToDo_list" */;
			buildPhases = (
				E3C9CCBC2144AA840010A506 /* Sources */,
				E3C9CCBD2144AA840010A506 /* Frameworks */,
				E3C9CCBE2144AA840010A506 /* Resources */,
			);
			buildRules = (
			);
			dependencies = (
			);
			name = ToDo_list;
			productName = ToDo_list;
			productReference = E3C9CCC02144AA840010A506 /* ToDo_list.app */;
			productType = "com.apple.product-type.application";
		};
		E3C9CCD62144AA850010A506 /* ToDo_listTests */ = {
			isa = PBXNativeTarget;
			buildConfigurationList = E3C9CCEE2144AA850010A506 /* Build configuration list for PBXNativeTarget "ToDo_listTests" */;
			buildPhases = (
				E3C9CCD32144AA850010A506 /* Sources */,
				E3C9CCD42144AA850010A506 /* Frameworks */,
				E3C9CCD52144AA850010A506 /* Resources */,
			);
			buildRules = (
			);
			dependencies = (
				E3C9CCD92144AA850010A506 /* PBXTargetDependency */,
			);
			name = ToDo_listTests;
			productName = ToDo_listTests;
			productReference = E3C9CCD72144AA850010A506 /* ToDo_listTests.xctest */;
			productType = "com.apple.product-type.bundle.unit-test";
		};
		E3C9CCE12144AA850010A506 /* ToDo_listUITests */ = {
			isa = PBXNativeTarget;
			buildConfigurationList = E3C9CCF12144AA850010A506 /* Build configuration list for PBXNativeTarget "ToDo_listUITests" */;
			buildPhases = (
				E3C9CCDE2144AA850010A506 /* Sources */,
				E3C9CCDF2144AA850010A506 /* Frameworks */,
				E3C9CCE02144AA850010A506 /* Resources */,
			);
			buildRules = (
			);
			dependencies = (
				E3C9CCE42144AA850010A506 /* PBXTargetDependency */,
			);
			name = ToDo_listUITests;
			productName = ToDo_listUITests;
			productReference = E3C9CCE22144AA850010A506 /* ToDo_listUITests.xctest */;
			productType = "com.apple.product-type.bundle.ui-testing";
		};
/* End PBXNativeTarget section */

/* Begin PBXProject section */
		E3C9CCB82144AA840010A506 /* Project object */ = {
			isa = PBXProject;
			attributes = {
				LastSwiftUpdateCheck = 0940;
				LastUpgradeCheck = 0940;
				ORGANIZATIONNAME = "Quang Nguyen";
				TargetAttributes = {
					E3C9CCBF2144AA840010A506 = {
						CreatedOnToolsVersion = 9.4.1;
					};
					E3C9CCD62144AA850010A506 = {
						CreatedOnToolsVersion = 9.4.1;
						TestTargetID = E3C9CCBF2144AA840010A506;
					};
					E3C9CCE12144AA850010A506 = {
						CreatedOnToolsVersion = 9.4.1;
						TestTargetID = E3C9CCBF2144AA840010A506;
					};
				};
			};
			buildConfigurationList = E3C9CCBB2144AA840010A506 /* Build configuration list for PBXProject "ToDo_list" */;
			compatibilityVersion = "Xcode 9.3";
			developmentRegion = en;
			hasScannedForEncodings = 0;
			knownRegions = (
				en,
				Base,
			);
			mainGroup = E3C9CCB72144AA840010A506;
			productRefGroup = E3C9CCC12144AA840010A506 /* Products */;
			projectDirPath = "";
			projectRoot = "";
			targets = (
				E3C9CCBF2144AA840010A506 /* ToDo_list */,
				E3C9CCD62144AA850010A506 /* ToDo_listTests */,
				E3C9CCE12144AA850010A506 /* ToDo_listUITests */,
			);
		};
/* End PBXProject section */

/* Begin PBXResourcesBuildPhase section */
		E3C9CCBE2144AA840010A506 /* Resources */ = {
			isa = PBXResourcesBuildPhase;
			buildActionMask = 2147483647;
			files = (
				E3C9CCD12144AA840010A506 /* LaunchScreen.storyboard in Resources */,
				E3C9CCCE2144AA840010A506 /* Assets.xcassets in Resources */,
				E3C9CCC92144AA840010A506 /* Main.storyboard in Resources */,
			);
			runOnlyForDeploymentPostprocessing = 0;
		};
		E3C9CCD52144AA850010A506 /* Resources */ = {
			isa = PBXResourcesBuildPhase;
			buildActionMask = 2147483647;
			files = (
			);
			runOnlyForDeploymentPostprocessing = 0;
		};
		E3C9CCE02144AA850010A506 /* Resources */ = {
			isa = PBXResourcesBuildPhase;
			buildActionMask = 2147483647;
			files = (
			);
			runOnlyForDeploymentPostprocessing = 0;
		};
/* End PBXResourcesBuildPhase section */

/* Begin PBXSourcesBuildPhase section */
		E3C9CCBC2144AA840010A506 /* Sources */ = {
			isa = PBXSourcesBuildPhase;
			buildActionMask = 2147483647;
			files = (
				E3C9CCC42144AA840010A506 /* AppDelegate.swift in Sources */,
				E3C9CCCC2144AA840010A506 /* ToDo_list.xcdatamodeld in Sources */,
				E3C9CCF52144AE110010A506 /* TodoTableVC.swift in Sources */,
				E3C9CCF72144B24D0010A506 /* TodoCell.swift in Sources */,
			);
			runOnlyForDeploymentPostprocessing = 0;
		};
		E3C9CCD32144AA850010A506 /* Sources */ = {
			isa = PBXSourcesBuildPhase;
			buildActionMask = 2147483647;
			files = (
				E3C9CCDC2144AA850010A506 /* ToDo_listTests.swift in Sources */,
			);
			runOnlyForDeploymentPostprocessing = 0;
		};
		E3C9CCDE2144AA850010A506 /* Sources */ = {
			isa = PBXSourcesBuildPhase;
			buildActionMask = 2147483647;
			files = (
				E3C9CCE72144AA850010A506 /* ToDo_listUITests.swift in Sources */,
			);
			runOnlyForDeploymentPostprocessing = 0;
		};
/* End PBXSourcesBuildPhase section */

/* Begin PBXTargetDependency section */
		E3C9CCD92144AA850010A506 /* PBXTargetDependency */ = {
			isa = PBXTargetDependency;
			target = E3C9CCBF2144AA840010A506 /* ToDo_list */;
			targetProxy = E3C9CCD82144AA850010A506 /* PBXContainerItemProxy */;
		};
		E3C9CCE42144AA850010A506 /* PBXTargetDependency */ = {
			isa = PBXTargetDependency;
			target = E3C9CCBF2144AA840010A506 /* ToDo_list */;
			targetProxy = E3C9CCE32144AA850010A506 /* PBXContainerItemProxy */;
		};
/* End PBXTargetDependency section */

/* Begin PBXVariantGroup section */
		E3C9CCC72144AA840010A506 /* Main.storyboard */ = {
			isa = PBXVariantGroup;
			children = (
				E3C9CCC82144AA840010A506 /* Base */,
			);
			name = Main.storyboard;
			sourceTree = "<group>";
		};
		E3C9CCCF2144AA840010A506 /* LaunchScreen.storyboard */ = {
			isa = PBXVariantGroup;
			children = (
				E3C9CCD02144AA840010A506 /* Base */,
			);
			name = LaunchScreen.storyboard;
			sourceTree = "<group>";
		};
/* End PBXVariantGroup section */

/* Begin XCBuildConfiguration section */
		E3C9CCE92144AA850010A506 /* Debug */ = {
			isa = XCBuildConfiguration;
			buildSettings = {
				ALWAYS_SEARCH_USER_PATHS = NO;
				CLANG_ANALYZER_NONNULL = YES;
				CLANG_ANALYZER_NUMBER_OBJECT_CONVERSION = YES_AGGRESSIVE;
				CLANG_CXX_LANGUAGE_STANDARD = "gnu++14";
				CLANG_CXX_LIBRARY = "libc++";
				CLANG_ENABLE_MODULES = YES;
				CLANG_ENABLE_OBJC_ARC = YES;
				CLANG_ENABLE_OBJC_WEAK = YES;
				CLANG_WARN_BLOCK_CAPTURE_AUTORELEASING = YES;
				CLANG_WARN_BOOL_CONVERSION = YES;
				CLANG_WARN_COMMA = YES;
				CLANG_WARN_CONSTANT_CONVERSION = YES;
				CLANG_WARN_DEPRECATED_OBJC_IMPLEMENTATIONS = YES;
				CLANG_WARN_DIRECT_OBJC_ISA_USAGE = YES_ERROR;
				CLANG_WARN_DOCUMENTATION_COMMENTS = YES;
				CLANG_WARN_EMPTY_BODY = YES;
				CLANG_WARN_ENUM_CONVERSION = YES;
				CLANG_WARN_INFINITE_RECURSION = YES;
				CLANG_WARN_INT_CONVERSION = YES;
				CLANG_WARN_NON_LITERAL_NULL_CONVERSION = YES;
				CLANG_WARN_OBJC_IMPLICIT_RETAIN_SELF = YES;
				CLANG_WARN_OBJC_LITERAL_CONVERSION = YES;
				CLANG_WARN_OBJC_ROOT_CLASS = YES_ERROR;
				CLANG_WARN_RANGE_LOOP_ANALYSIS = YES;
				CLANG_WARN_STRICT_PROTOTYPES = YES;
				CLANG_WARN_SUSPICIOUS_MOVE = YES;
				CLANG_WARN_UNGUARDED_AVAILABILITY = YES_AGGRESSIVE;
				CLANG_WARN_UNREACHABLE_CODE = YES;
				CLANG_WARN__DUPLICATE_METHOD_MATCH = YES;
				CODE_SIGN_IDENTITY = "iPhone Developer";
				COPY_PHASE_STRIP = NO;
				DEBUG_INFORMATION_FORMAT = dwarf;
				ENABLE_STRICT_OBJC_MSGSEND = YES;
				ENABLE_TESTABILITY = YES;
				GCC_C_LANGUAGE_STANDARD = gnu11;
				GCC_DYNAMIC_NO_PIC = NO;
				GCC_NO_COMMON_BLOCKS = YES;
				GCC_OPTIMIZATION_LEVEL = 0;
				GCC_PREPROCESSOR_DEFINITIONS = (
					"DEBUG=1",
					"$(inherited)",
				);
				GCC_WARN_64_TO_32_BIT_CONVERSION = YES;
				GCC_WARN_ABOUT_RETURN_TYPE = YES_ERROR;
				GCC_WARN_UNDECLARED_SELECTOR = YES;
				GCC_WARN_UNINITIALIZED_AUTOS = YES_AGGRESSIVE;
				GCC_WARN_UNUSED_FUNCTION = YES;
				GCC_WARN_UNUSED_VARIABLE = YES;
				IPHONEOS_DEPLOYMENT_TARGET = 11.4;
				MTL_ENABLE_DEBUG_INFO = YES;
				ONLY_ACTIVE_ARCH = YES;
				SDKROOT = iphoneos;
				SWIFT_ACTIVE_COMPILATION_CONDITIONS = DEBUG;
				SWIFT_OPTIMIZATION_LEVEL = "-Onone";
			};
			name = Debug;
		};
		E3C9CCEA2144AA850010A506 /* Release */ = {
			isa = XCBuildConfiguration;
			buildSettings = {
				ALWAYS_SEARCH_USER_PATHS = NO;
				CLANG_ANALYZER_NONNULL = YES;
				CLANG_ANALYZER_NUMBER_OBJECT_CONVERSION = YES_AGGRESSIVE;
				CLANG_CXX_LANGUAGE_STANDARD = "gnu++14";
				CLANG_CXX_LIBRARY = "libc++";
				CLANG_ENABLE_MODULES = YES;
				CLANG_ENABLE_OBJC_ARC = YES;
				CLANG_ENABLE_OBJC_WEAK = YES;
				CLANG_WARN_BLOCK_CAPTURE_AUTORELEASING = YES;
				CLANG_WARN_BOOL_CONVERSION = YES;
				CLANG_WARN_COMMA = YES;
				CLANG_WARN_CONSTANT_CONVERSION = YES;
				CLANG_WARN_DEPRECATED_OBJC_IMPLEMENTATIONS = YES;
				CLANG_WARN_DIRECT_OBJC_ISA_USAGE = YES_ERROR;
				CLANG_WARN_DOCUMENTATION_COMMENTS = YES;
				CLANG_WARN_EMPTY_BODY = YES;
				CLANG_WARN_ENUM_CONVERSION = YES;
				CLANG_WARN_INFINITE_RECURSION = YES;
				CLANG_WARN_INT_CONVERSION = YES;
				CLANG_WARN_NON_LITERAL_NULL_CONVERSION = YES;
				CLANG_WARN_OBJC_IMPLICIT_RETAIN_SELF = YES;
				CLANG_WARN_OBJC_LITERAL_CONVERSION = YES;
				CLANG_WARN_OBJC_ROOT_CLASS = YES_ERROR;
				CLANG_WARN_RANGE_LOOP_ANALYSIS = YES;
				CLANG_WARN_STRICT_PROTOTYPES = YES;
				CLANG_WARN_SUSPICIOUS_MOVE = YES;
				CLANG_WARN_UNGUARDED_AVAILABILITY = YES_AGGRESSIVE;
				CLANG_WARN_UNREACHABLE_CODE = YES;
				CLANG_WARN__DUPLICATE_METHOD_MATCH = YES;
				CODE_SIGN_IDENTITY = "iPhone Developer";
				COPY_PHASE_STRIP = NO;
				DEBUG_INFORMATION_FORMAT = "dwarf-with-dsym";
				ENABLE_NS_ASSERTIONS = NO;
				ENABLE_STRICT_OBJC_MSGSEND = YES;
				GCC_C_LANGUAGE_STANDARD = gnu11;
				GCC_NO_COMMON_BLOCKS = YES;
				GCC_WARN_64_TO_32_BIT_CONVERSION = YES;
				GCC_WARN_ABOUT_RETURN_TYPE = YES_ERROR;
				GCC_WARN_UNDECLARED_SELECTOR = YES;
				GCC_WARN_UNINITIALIZED_AUTOS = YES_AGGRESSIVE;
				GCC_WARN_UNUSED_FUNCTION = YES;
				GCC_WARN_UNUSED_VARIABLE = YES;
				IPHONEOS_DEPLOYMENT_TARGET = 11.4;
				MTL_ENABLE_DEBUG_INFO = NO;
				SDKROOT = iphoneos;
				SWIFT_COMPILATION_MODE = wholemodule;
				SWIFT_OPTIMIZATION_LEVEL = "-O";
				VALIDATE_PRODUCT = YES;
			};
			name = Release;
		};
		E3C9CCEC2144AA850010A506 /* Debug */ = {
			isa = XCBuildConfiguration;
			buildSettings = {
				ASSETCATALOG_COMPILER_APPICON_NAME = AppIcon;
				CODE_SIGN_STYLE = Automatic;
				DEVELOPMENT_TEAM = 3HXPCZ4FZM;
				INFOPLIST_FILE = ToDo_list/Info.plist;
				LD_RUNPATH_SEARCH_PATHS = (
					"$(inherited)",
					"@executable_path/Frameworks",
				);
				PRODUCT_BUNDLE_IDENTIFIER = "com.qn.ToDo-list";
				PRODUCT_NAME = "$(TARGET_NAME)";
				SWIFT_VERSION = 4.0;
				TARGETED_DEVICE_FAMILY = "1,2";
			};
			name = Debug;
		};
		E3C9CCED2144AA850010A506 /* Release */ = {
			isa = XCBuildConfiguration;
			buildSettings = {
				ASSETCATALOG_COMPILER_APPICON_NAME = AppIcon;
				CODE_SIGN_STYLE = Automatic;
				DEVELOPMENT_TEAM = 3HXPCZ4FZM;
				INFOPLIST_FILE = ToDo_list/Info.plist;
				LD_RUNPATH_SEARCH_PATHS = (
					"$(inherited)",
					"@executable_path/Frameworks",
				);
				PRODUCT_BUNDLE_IDENTIFIER = "com.qn.ToDo-list";
				PRODUCT_NAME = "$(TARGET_NAME)";
				SWIFT_VERSION = 4.0;
				TARGETED_DEVICE_FAMILY = "1,2";
			};
			name = Release;
		};
		E3C9CCEF2144AA850010A506 /* Debug */ = {
			isa = XCBuildConfiguration;
			buildSettings = {
				ALWAYS_EMBED_SWIFT_STANDARD_LIBRARIES = YES;
				BUNDLE_LOADER = "$(TEST_HOST)";
				CODE_SIGN_STYLE = Automatic;
				DEVELOPMENT_TEAM = 3HXPCZ4FZM;
				INFOPLIST_FILE = ToDo_listTests/Info.plist;
				LD_RUNPATH_SEARCH_PATHS = (
					"$(inherited)",
					"@executable_path/Frameworks",
					"@loader_path/Frameworks",
				);
				PRODUCT_BUNDLE_IDENTIFIER = "com.qn.ToDo-listTests";
				PRODUCT_NAME = "$(TARGET_NAME)";
				SWIFT_VERSION = 4.0;
				TARGETED_DEVICE_FAMILY = "1,2";
				TEST_HOST = "$(BUILT_PRODUCTS_DIR)/ToDo_list.app/ToDo_list";
			};
			name = Debug;
		};
		E3C9CCF02144AA850010A506 /* Release */ = {
			isa = XCBuildConfiguration;
			buildSettings = {
				ALWAYS_EMBED_SWIFT_STANDARD_LIBRARIES = YES;
				BUNDLE_LOADER = "$(TEST_HOST)";
				CODE_SIGN_STYLE = Automatic;
				DEVELOPMENT_TEAM = 3HXPCZ4FZM;
				INFOPLIST_FILE = ToDo_listTests/Info.plist;
				LD_RUNPATH_SEARCH_PATHS = (
					"$(inherited)",
					"@executable_path/Frameworks",
					"@loader_path/Frameworks",
				);
				PRODUCT_BUNDLE_IDENTIFIER = "com.qn.ToDo-listTests";
				PRODUCT_NAME = "$(TARGET_NAME)";
				SWIFT_VERSION = 4.0;
				TARGETED_DEVICE_FAMILY = "1,2";
				TEST_HOST = "$(BUILT_PRODUCTS_DIR)/ToDo_list.app/ToDo_list";
			};
			name = Release;
		};
		E3C9CCF22144AA850010A506 /* Debug */ = {
			isa = XCBuildConfiguration;
			buildSettings = {
				ALWAYS_EMBED_SWIFT_STANDARD_LIBRARIES = YES;
				CODE_SIGN_STYLE = Automatic;
				DEVELOPMENT_TEAM = 3HXPCZ4FZM;
				INFOPLIST_FILE = ToDo_listUITests/Info.plist;
				LD_RUNPATH_SEARCH_PATHS = (
					"$(inherited)",
					"@executable_path/Frameworks",
					"@loader_path/Frameworks",
				);
				PRODUCT_BUNDLE_IDENTIFIER = "com.qn.ToDo-listUITests";
				PRODUCT_NAME = "$(TARGET_NAME)";
				SWIFT_VERSION = 4.0;
				TARGETED_DEVICE_FAMILY = "1,2";
				TEST_TARGET_NAME = ToDo_list;
			};
			name = Debug;
		};
		E3C9CCF32144AA850010A506 /* Release */ = {
			isa = XCBuildConfiguration;
			buildSettings = {
				ALWAYS_EMBED_SWIFT_STANDARD_LIBRARIES = YES;
				CODE_SIGN_STYLE = Automatic;
				DEVELOPMENT_TEAM = 3HXPCZ4FZM;
				INFOPLIST_FILE = ToDo_listUITests/Info.plist;
				LD_RUNPATH_SEARCH_PATHS = (
					"$(inherited)",
					"@executable_path/Frameworks",
					"@loader_path/Frameworks",
				);
				PRODUCT_BUNDLE_IDENTIFIER = "com.qn.ToDo-listUITests";
				PRODUCT_NAME = "$(TARGET_NAME)";
				SWIFT_VERSION = 4.0;
				TARGETED_DEVICE_FAMILY = "1,2";
				TEST_TARGET_NAME = ToDo_list;
			};
			name = Release;
		};
/* End XCBuildConfiguration section */

/* Begin XCConfigurationList section */
		E3C9CCBB2144AA840010A506 /* Build configuration list for PBXProject "ToDo_list" */ = {
			isa = XCConfigurationList;
			buildConfigurations = (
				E3C9CCE92144AA850010A506 /* Debug */,
				E3C9CCEA2144AA850010A506 /* Release */,
			);
			defaultConfigurationIsVisible = 0;
			defaultConfigurationName = Release;
		};
		E3C9CCEB2144AA850010A506 /* Build configuration list for PBXNativeTarget "ToDo_list" */ = {
			isa = XCConfigurationList;
			buildConfigurations = (
				E3C9CCEC2144AA850010A506 /* Debug */,
				E3C9CCED2144AA850010A506 /* Release */,
			);
			defaultConfigurationIsVisible = 0;
			defaultConfigurationName = Release;
		};
		E3C9CCEE2144AA850010A506 /* Build configuration list for PBXNativeTarget "ToDo_listTests" */ = {
			isa = XCConfigurationList;
			buildConfigurations = (
				E3C9CCEF2144AA850010A506 /* Debug */,
				E3C9CCF02144AA850010A506 /* Release */,
			);
			defaultConfigurationIsVisible = 0;
			defaultConfigurationName = Release;
		};
		E3C9CCF12144AA850010A506 /* Build configuration list for PBXNativeTarget "ToDo_listUITests" */ = {
			isa = XCConfigurationList;
			buildConfigurations = (
				E3C9CCF22144AA850010A506 /* Debug */,
				E3C9CCF32144AA850010A506 /* Release */,
			);
			defaultConfigurationIsVisible = 0;
			defaultConfigurationName = Release;
		};
/* End XCConfigurationList section */

/* Begin XCVersionGroup section */
		E3C9CCCA2144AA840010A506 /* ToDo_list.xcdatamodeld */ = {
			isa = XCVersionGroup;
			children = (
				E3C9CCCB2144AA840010A506 /* ToDo_list.xcdatamodel */,
			);
			currentVersion = E3C9CCCB2144AA840010A506 /* ToDo_list.xcdatamodel */;
			path = ToDo_list.xcdatamodeld;
			sourceTree = "<group>";
			versionGroupType = wrapper.xcdatamodel;
		};
/* End XCVersionGroup section */
	};
	rootObject = E3C9CCB82144AA840010A506 /* Project object */;
}
